# THIS IS AN AUTOGENERATED FILE. DO NOT EDIT THIS FILE DIRECTLY.
# yarn lockfile v1


"@vyapti/parser@^0.1.0":
  version "0.1.0"
  resolved "https://registry.yarnpkg.com/@vyapti/parser/-/parser-0.1.0.tgz#1c4044420fe5d51482d28e631e9298748d26c160"
  integrity sha512-TjbqDMJ+qJEshZymp8ikfxo/yIT8EviTTvvHMFoO9NtVDaul8+9iyuHG2s9ffih3dVZU1G6kPfwCYFWKBE61bQ==
